
Microsoft Visual Studio Solution File, Format Version 12.00
# Visual Studio Version 17
VisualStudioVersion = 17.0.31903.59
MinimumVisualStudioVersion = 10.0.40219.1
Project("{2150E333-8FDC-42A3-9474-1A3956D46DE8}") = "src", "src", "{F5258F7E-B0BA-466D-8CF8-4DAB84722BE3}"
EndProject
Project("{2150E333-8FDC-42A3-9474-1A3956D46DE8}") = "Apps", "Apps", "{5E3B6238-A92E-4703-8527-1C2410D7906A}"
EndProject
Project("{FAE04EC0-301F-11D3-BF4B-00C04F79EFBC}") = "GameDesktop", "src\Apps\GameDesktop\GameDesktop.csproj", "{17EFAFE7-BAEF-4266-B05B-2D9EF8B8B961}"
EndProject
Project("{2150E333-8FDC-42A3-9474-1A3956D46DE8}") = "Libs", "Libs", "{7AE4DC46-59EB-4F69-9240-C7363F0778AA}"
EndProject
Project("{FAE04EC0-301F-11D3-BF4B-00C04F79EFBC}") = "Mechanics", "src\Libs\Mechanics\Mechanics.csproj", "{8DF13D47-3987-42F0-ADF1-C7B1EA264166}"
EndProject
Project("{FAE04EC0-301F-11D3-BF4B-00C04F79EFBC}") = "Entities", "src\Libs\Entities\Entities.csproj", "{6CF1FC38-BB65-462C-AB04-0B692EA23DA7}"
EndProject
Project("{FAE04EC0-301F-11D3-BF4B-00C04F79EFBC}") = "Services", "src\Libs\Services\Services.csproj", "{B6C3E6ED-3503-4970-9C66-60C5ED250C9C}"
EndProject
Project("{FAE04EC0-301F-11D3-BF4B-00C04F79EFBC}") = "FrontEnd", "src\Libs\FrontEnd\FrontEnd.csproj", "{9F66FC10-FD9E-40F1-B94C-08A057B1A02F}"
EndProject
Global
	GlobalSection(SolutionConfigurationPlatforms) = preSolution
		Debug|Any CPU = Debug|Any CPU
		Release|Any CPU = Release|Any CPU
	EndGlobalSection
	GlobalSection(SolutionProperties) = preSolution
		HideSolutionNode = FALSE
	EndGlobalSection
	GlobalSection(ProjectConfigurationPlatforms) = postSolution
		{17EFAFE7-BAEF-4266-B05B-2D9EF8B8B961}.Debug|Any CPU.ActiveCfg = Debug|Any CPU
		{17EFAFE7-BAEF-4266-B05B-2D9EF8B8B961}.Debug|Any CPU.Build.0 = Debug|Any CPU
		{17EFAFE7-BAEF-4266-B05B-2D9EF8B8B961}.Release|Any CPU.ActiveCfg = Release|Any CPU
		{17EFAFE7-BAEF-4266-B05B-2D9EF8B8B961}.Release|Any CPU.Build.0 = Release|Any CPU
		{8DF13D47-3987-42F0-ADF1-C7B1EA264166}.Debug|Any CPU.ActiveCfg = Debug|Any CPU
		{8DF13D47-3987-42F0-ADF1-C7B1EA264166}.Debug|Any CPU.Build.0 = Debug|Any CPU
		{8DF13D47-3987-42F0-ADF1-C7B1EA264166}.Release|Any CPU.ActiveCfg = Release|Any CPU
		{8DF13D47-3987-42F0-ADF1-C7B1EA264166}.Release|Any CPU.Build.0 = Release|Any CPU
		{6CF1FC38-BB65-462C-AB04-0B692EA23DA7}.Debug|Any CPU.ActiveCfg = Debug|Any CPU
		{6CF1FC38-BB65-462C-AB04-0B692EA23DA7}.Debug|Any CPU.Build.0 = Debug|Any CPU
		{6CF1FC38-BB65-462C-AB04-0B692EA23DA7}.Release|Any CPU.ActiveCfg = Release|Any CPU
		{6CF1FC38-BB65-462C-AB04-0B692EA23DA7}.Release|Any CPU.Build.0 = Release|Any CPU
		{B6C3E6ED-3503-4970-9C66-60C5ED250C9C}.Debug|Any CPU.ActiveCfg = Debug|Any CPU
		{B6C3E6ED-3503-4970-9C66-60C5ED250C9C}.Debug|Any CPU.Build.0 = Debug|Any CPU
		{B6C3E6ED-3503-4970-9C66-60C5ED250C9C}.Release|Any CPU.ActiveCfg = Release|Any CPU
		{B6C3E6ED-3503-4970-9C66-60C5ED250C9C}.Release|Any CPU.Build.0 = Release|Any CPU
		{9F66FC10-FD9E-40F1-B94C-08A057B1A02F}.Debug|Any CPU.ActiveCfg = Debug|Any CPU
		{9F66FC10-FD9E-40F1-B94C-08A057B1A02F}.Debug|Any CPU.Build.0 = Debug|Any CPU
		{9F66FC10-FD9E-40F1-B94C-08A057B1A02F}.Release|Any CPU.ActiveCfg = Release|Any CPU
		{9F66FC10-FD9E-40F1-B94C-08A057B1A02F}.Release|Any CPU.Build.0 = Release|Any CPU
	EndGlobalSection
	GlobalSection(NestedProjects) = preSolution
		{5E3B6238-A92E-4703-8527-1C2410D7906A} = {F5258F7E-B0BA-466D-8CF8-4DAB84722BE3}
		{17EFAFE7-BAEF-4266-B05B-2D9EF8B8B961} = {5E3B6238-A92E-4703-8527-1C2410D7906A}
		{7AE4DC46-59EB-4F69-9240-C7363F0778AA} = {F5258F7E-B0BA-466D-8CF8-4DAB84722BE3}
		{8DF13D47-3987-42F0-ADF1-C7B1EA264166} = {7AE4DC46-59EB-4F69-9240-C7363F0778AA}
		{6CF1FC38-BB65-462C-AB04-0B692EA23DA7} = {7AE4DC46-59EB-4F69-9240-C7363F0778AA}
		{B6C3E6ED-3503-4970-9C66-60C5ED250C9C} = {7AE4DC46-59EB-4F69-9240-C7363F0778AA}
		{9F66FC10-FD9E-40F1-B94C-08A057B1A02F} = {7AE4DC46-59EB-4F69-9240-C7363F0778AA}
	EndGlobalSection
EndGlobal
